// !$*UTF8*$!
{
	archiveVersion = 1;
	classes = {
	};
	objectVersion = 46;
	objects = {

/* Begin PBXBuildFile section */
		099C81711E7CBFDD00529530 /* WebViewController.swift in Sources */ = {isa = PBXBuildFile; fileRef = 099C81701E7CBFDD00529530 /* WebViewController.swift */; };
		099C81731E7CC94500529530 /* WebViewController.xib in Resources */ = {isa = PBXBuildFile; fileRef = 099C81721E7CC94500529530 /* WebViewController.xib */; };
		099C81751E7DD19600529530 /* Utils.swift in Sources */ = {isa = PBXBuildFile; fileRef = 099C81741E7DD19600529530 /* Utils.swift */; };
		099C81781E7DEEB600529530 /* NotificationViewController.swift in Sources */ = {isa = PBXBuildFile; fileRef = 099C81761E7DEEB600529530 /* NotificationViewController.swift */; };
		099C81791E7DEEB600529530 /* NotificationViewController.xib in Resources */ = {isa = PBXBuildFile; fileRef = 099C81771E7DEEB600529530 /* NotificationViewController.xib */; };
		09B527FD1E7CBD6500BACF81 /* AppDelegate.swift in Sources */ = {isa = PBXBuildFile; fileRef = 09B527FC1E7CBD6500BACF81 /* AppDelegate.swift */; };
		09B528041E7CBD6500BACF81 /* Assets.xcassets in Resources */ = {isa = PBXBuildFile; fileRef = 09B528031E7CBD6500BACF81 /* Assets.xcassets */; };
		09F10E081E7F25FF00303A96 /* Announcement.swift in Sources */ = {isa = PBXBuildFile; fileRef = 09F10E051E7F25FF00303A96 /* Announcement.swift */; };
		09F10E091E7F25FF00303A96 /* Notification.swift in Sources */ = {isa = PBXBuildFile; fileRef = 09F10E061E7F25FF00303A96 /* Notification.swift */; };
		09F10E0A1E7F25FF00303A96 /* TRACSClient.swift in Sources */ = {isa = PBXBuildFile; fileRef = 09F10E071E7F25FF00303A96 /* TRACSClient.swift */; };
/* End PBXBuildFile section */

/* Begin PBXFileReference section */
		099C816F1E7CBE4100529530 /* mobile-tracs-ios.entitlements */ = {isa = PBXFileReference; lastKnownFileType = text.plist.entitlements; path = "mobile-tracs-ios.entitlements"; sourceTree = "<group>"; };
		099C81701E7CBFDD00529530 /* WebViewController.swift */ = {isa = PBXFileReference; fileEncoding = 4; lastKnownFileType = sourcecode.swift; path = WebViewController.swift; sourceTree = "<group>"; };
		099C81721E7CC94500529530 /* WebViewController.xib */ = {isa = PBXFileReference; fileEncoding = 4; lastKnownFileType = file.xib; path = WebViewController.xib; sourceTree = "<group>"; };
		099C81741E7DD19600529530 /* Utils.swift */ = {isa = PBXFileReference; fileEncoding = 4; lastKnownFileType = sourcecode.swift; path = Utils.swift; sourceTree = "<group>"; };
		099C81761E7DEEB600529530 /* NotificationViewController.swift */ = {isa = PBXFileReference; fileEncoding = 4; lastKnownFileType = sourcecode.swift; path = NotificationViewController.swift; sourceTree = "<group>"; };
		099C81771E7DEEB600529530 /* NotificationViewController.xib */ = {isa = PBXFileReference; fileEncoding = 4; lastKnownFileType = file.xib; path = NotificationViewController.xib; sourceTree = "<group>"; };
		09B527F91E7CBD6500BACF81 /* mobile-tracs-ios.app */ = {isa = PBXFileReference; explicitFileType = wrapper.application; includeInIndex = 0; path = "mobile-tracs-ios.app"; sourceTree = BUILT_PRODUCTS_DIR; };
		09B527FC1E7CBD6500BACF81 /* AppDelegate.swift */ = {isa = PBXFileReference; lastKnownFileType = sourcecode.swift; path = AppDelegate.swift; sourceTree = "<group>"; };
		09B528031E7CBD6500BACF81 /* Assets.xcassets */ = {isa = PBXFileReference; lastKnownFileType = folder.assetcatalog; path = Assets.xcassets; sourceTree = "<group>"; };
		09B528081E7CBD6500BACF81 /* Info.plist */ = {isa = PBXFileReference; lastKnownFileType = text.plist.xml; path = Info.plist; sourceTree = "<group>"; };
		09F10E051E7F25FF00303A96 /* Announcement.swift */ = {isa = PBXFileReference; fileEncoding = 4; lastKnownFileType = sourcecode.swift; name = Announcement.swift; path = Data/Announcement.swift; sourceTree = "<group>"; };
		09F10E061E7F25FF00303A96 /* Notification.swift */ = {isa = PBXFileReference; fileEncoding = 4; lastKnownFileType = sourcecode.swift; name = Notification.swift; path = Data/Notification.swift; sourceTree = "<group>"; };
		09F10E071E7F25FF00303A96 /* TRACSClient.swift */ = {isa = PBXFileReference; fileEncoding = 4; lastKnownFileType = sourcecode.swift; name = TRACSClient.swift; path = Data/TRACSClient.swift; sourceTree = "<group>"; };
/* End PBXFileReference section */

/* Begin PBXFrameworksBuildPhase section */
		09B527F61E7CBD6500BACF81 /* Frameworks */ = {
			isa = PBXFrameworksBuildPhase;
			buildActionMask = 2147483647;
			files = (
			);
			runOnlyForDeploymentPostprocessing = 0;
		};
/* End PBXFrameworksBuildPhase section */

/* Begin PBXGroup section */
		09B527F01E7CBD6500BACF81 = {
			isa = PBXGroup;
			children = (
				09B527FB1E7CBD6500BACF81 /* mobile-tracs-ios */,
				09B527FA1E7CBD6500BACF81 /* Products */,
			);
			sourceTree = "<group>";
		};
		09B527FA1E7CBD6500BACF81 /* Products */ = {
			isa = PBXGroup;
			children = (
				09B527F91E7CBD6500BACF81 /* mobile-tracs-ios.app */,
			);
			name = Products;
			sourceTree = "<group>";
		};
		09B527FB1E7CBD6500BACF81 /* mobile-tracs-ios */ = {
			isa = PBXGroup;
			children = (
				09DAC4011E7F1FA20065C5DB /* Data */,
				099C816F1E7CBE4100529530 /* mobile-tracs-ios.entitlements */,
				09B527FC1E7CBD6500BACF81 /* AppDelegate.swift */,
				09B528031E7CBD6500BACF81 /* Assets.xcassets */,
				09B528081E7CBD6500BACF81 /* Info.plist */,
				099C81701E7CBFDD00529530 /* WebViewController.swift */,
				099C81721E7CC94500529530 /* WebViewController.xib */,
				099C81741E7DD19600529530 /* Utils.swift */,
				099C81761E7DEEB600529530 /* NotificationViewController.swift */,
				099C81771E7DEEB600529530 /* NotificationViewController.xib */,
			);
			path = "mobile-tracs-ios";
			sourceTree = "<group>";
		};
		09DAC4011E7F1FA20065C5DB /* Data */ = {
			isa = PBXGroup;
			children = (
				09F10E051E7F25FF00303A96 /* Announcement.swift */,
				09F10E061E7F25FF00303A96 /* Notification.swift */,
				09F10E071E7F25FF00303A96 /* TRACSClient.swift */,
			);
			name = Data;
			sourceTree = "<group>";
		};
/* End PBXGroup section */

/* Begin PBXNativeTarget section */
		09B527F81E7CBD6500BACF81 /* mobile-tracs-ios */ = {
			isa = PBXNativeTarget;
			buildConfigurationList = 09B5280B1E7CBD6500BACF81 /* Build configuration list for PBXNativeTarget "mobile-tracs-ios" */;
			buildPhases = (
				09B527F51E7CBD6500BACF81 /* Sources */,
				09B527F61E7CBD6500BACF81 /* Frameworks */,
				09B527F71E7CBD6500BACF81 /* Resources */,
			);
			buildRules = (
			);
			dependencies = (
			);
			name = "mobile-tracs-ios";
			productName = "mobile-tracs-ios";
			productReference = 09B527F91E7CBD6500BACF81 /* mobile-tracs-ios.app */;
			productType = "com.apple.product-type.application";
		};
/* End PBXNativeTarget section */

/* Begin PBXProject section */
		09B527F11E7CBD6500BACF81 /* Project object */ = {
			isa = PBXProject;
			attributes = {
				LastSwiftUpdateCheck = 0820;
				LastUpgradeCheck = 0820;
				ORGANIZATIONNAME = "Texas State University";
				TargetAttributes = {
					09B527F81E7CBD6500BACF81 = {
						CreatedOnToolsVersion = 8.2.1;
						DevelopmentTeam = KV5755TZAS;
						ProvisioningStyle = Automatic;
						SystemCapabilities = {
							com.apple.Push = {
								enabled = 1;
							};
						};
					};
				};
			};
			buildConfigurationList = 09B527F41E7CBD6500BACF81 /* Build configuration list for PBXProject "mobile-tracs-ios" */;
			compatibilityVersion = "Xcode 3.2";
			developmentRegion = English;
			hasScannedForEncodings = 0;
			knownRegions = (
				en,
				Base,
			);
			mainGroup = 09B527F01E7CBD6500BACF81;
			productRefGroup = 09B527FA1E7CBD6500BACF81 /* Products */;
			projectDirPath = "";
			projectRoot = "";
			targets = (
				09B527F81E7CBD6500BACF81 /* mobile-tracs-ios */,
			);
		};
/* End PBXProject section */

/* Begin PBXResourcesBuildPhase section */
		09B527F71E7CBD6500BACF81 /* Resources */ = {
			isa = PBXResourcesBuildPhase;
			buildActionMask = 2147483647;
			files = (
				099C81791E7DEEB600529530 /* NotificationViewController.xib in Resources */,
				09B528041E7CBD6500BACF81 /* Assets.xcassets in Resources */,
				099C81731E7CC94500529530 /* WebViewController.xib in Resources */,
			);
			runOnlyForDeploymentPostprocessing = 0;
		};
/* End PBXResourcesBuildPhase section */

/* Begin PBXSourcesBuildPhase section */
		09B527F51E7CBD6500BACF81 /* Sources */ = {
			isa = PBXSourcesBuildPhase;
			buildActionMask = 2147483647;
			files = (
				09F10E081E7F25FF00303A96 /* Announcement.swift in Sources */,
				099C81711E7CBFDD00529530 /* WebViewController.swift in Sources */,
				09F10E091E7F25FF00303A96 /* Notification.swift in Sources */,
				09B527FD1E7CBD6500BACF81 /* AppDelegate.swift in Sources */,
				099C81781E7DEEB600529530 /* NotificationViewController.swift in Sources */,
				099C81751E7DD19600529530 /* Utils.swift in Sources */,
				09F10E0A1E7F25FF00303A96 /* TRACSClient.swift in Sources */,
			);
			runOnlyForDeploymentPostprocessing = 0;
		};
/* End PBXSourcesBuildPhase section */

/* Begin XCBuildConfiguration section */
		09B528091E7CBD6500BACF81 /* Debug */ = {
			isa = XCBuildConfiguration;
			buildSettings = {
				ALWAYS_SEARCH_USER_PATHS = NO;
				CLANG_ANALYZER_NONNULL = YES;
				CLANG_CXX_LANGUAGE_STANDARD = "gnu++0x";
				CLANG_CXX_LIBRARY = "libc++";
				CLANG_ENABLE_MODULES = YES;
				CLANG_ENABLE_OBJC_ARC = YES;
				CLANG_WARN_BOOL_CONVERSION = YES;
				CLANG_WARN_CONSTANT_CONVERSION = YES;
				CLANG_WARN_DIRECT_OBJC_ISA_USAGE = YES_ERROR;
				CLANG_WARN_DOCUMENTATION_COMMENTS = YES;
				CLANG_WARN_EMPTY_BODY = YES;
				CLANG_WARN_ENUM_CONVERSION = YES;
				CLANG_WARN_INFINITE_RECURSION = YES;
				CLANG_WARN_INT_CONVERSION = YES;
				CLANG_WARN_OBJC_ROOT_CLASS = YES_ERROR;
				CLANG_WARN_SUSPICIOUS_MOVE = YES;
				CLANG_WARN_UNREACHABLE_CODE = YES;
				CLANG_WARN__DUPLICATE_METHOD_MATCH = YES;
				"CODE_SIGN_IDENTITY[sdk=iphoneos*]" = "iPhone Developer";
				COPY_PHASE_STRIP = NO;
				DEBUG_INFORMATION_FORMAT = dwarf;
				ENABLE_STRICT_OBJC_MSGSEND = YES;
				ENABLE_TESTABILITY = YES;
				GCC_C_LANGUAGE_STANDARD = gnu99;
				GCC_DYNAMIC_NO_PIC = NO;
				GCC_NO_COMMON_BLOCKS = YES;
				GCC_OPTIMIZATION_LEVEL = 0;
				GCC_PREPROCESSOR_DEFINITIONS = (
					"DEBUG=1",
					"$(inherited)",
				);
				GCC_WARN_64_TO_32_BIT_CONVERSION = YES;
				GCC_WARN_ABOUT_RETURN_TYPE = YES_ERROR;
				GCC_WARN_UNDECLARED_SELECTOR = YES;
				GCC_WARN_UNINITIALIZED_AUTOS = YES_AGGRESSIVE;
				GCC_WARN_UNUSED_FUNCTION = YES;
				GCC_WARN_UNUSED_VARIABLE = YES;
				IPHONEOS_DEPLOYMENT_TARGET = 10.2;
				MTL_ENABLE_DEBUG_INFO = YES;
				ONLY_ACTIVE_ARCH = YES;
				SDKROOT = iphoneos;
				SWIFT_ACTIVE_COMPILATION_CONDITIONS = DEBUG;
				SWIFT_OPTIMIZATION_LEVEL = "-Onone";
				TARGETED_DEVICE_FAMILY = "1,2";
			};
			name = Debug;
		};
		09B5280A1E7CBD6500BACF81 /* Release */ = {
			isa = XCBuildConfiguration;
			buildSettings = {
				ALWAYS_SEARCH_USER_PATHS = NO;
				CLANG_ANALYZER_NONNULL = YES;
				CLANG_CXX_LANGUAGE_STANDARD = "gnu++0x";
				CLANG_CXX_LIBRARY = "libc++";
				CLANG_ENABLE_MODULES = YES;
				CLANG_ENABLE_OBJC_ARC = YES;
				CLANG_WARN_BOOL_CONVERSION = YES;
				CLANG_WARN_CONSTANT_CONVERSION = YES;
				CLANG_WARN_DIRECT_OBJC_ISA_USAGE = YES_ERROR;
				CLANG_WARN_DOCUMENTATION_COMMENTS = YES;
				CLANG_WARN_EMPTY_BODY = YES;
				CLANG_WARN_ENUM_CONVERSION = YES;
				CLANG_WARN_INFINITE_RECURSION = YES;
				CLANG_WARN_INT_CONVERSION = YES;
				CLANG_WARN_OBJC_ROOT_CLASS = YES_ERROR;
				CLANG_WARN_SUSPICIOUS_MOVE = YES;
				CLANG_WARN_UNREACHABLE_CODE = YES;
				CLANG_WARN__DUPLICATE_METHOD_MATCH = YES;
				"CODE_SIGN_IDENTITY[sdk=iphoneos*]" = "iPhone Developer";
				COPY_PHASE_STRIP = NO;
				DEBUG_INFORMATION_FORMAT = "dwarf-with-dsym";
				ENABLE_NS_ASSERTIONS = NO;
				ENABLE_STRICT_OBJC_MSGSEND = YES;
				GCC_C_LANGUAGE_STANDARD = gnu99;
				GCC_NO_COMMON_BLOCKS = YES;
				GCC_WARN_64_TO_32_BIT_CONVERSION = YES;
				GCC_WARN_ABOUT_RETURN_TYPE = YES_ERROR;
				GCC_WARN_UNDECLARED_SELECTOR = YES;
				GCC_WARN_UNINITIALIZED_AUTOS = YES_AGGRESSIVE;
				GCC_WARN_UNUSED_FUNCTION = YES;
				GCC_WARN_UNUSED_VARIABLE = YES;
				IPHONEOS_DEPLOYMENT_TARGET = 10.2;
				MTL_ENABLE_DEBUG_INFO = NO;
				SDKROOT = iphoneos;
				SWIFT_OPTIMIZATION_LEVEL = "-Owholemodule";
				TARGETED_DEVICE_FAMILY = "1,2";
				VALIDATE_PRODUCT = YES;
			};
			name = Release;
		};
		09B5280C1E7CBD6500BACF81 /* Debug */ = {
			isa = XCBuildConfiguration;
			buildSettings = {
				ASSETCATALOG_COMPILER_APPICON_NAME = AppIcon;
				ASSETCATALOG_COMPILER_LAUNCHIMAGE_NAME = LaunchImage;
				CODE_SIGN_ENTITLEMENTS = "mobile-tracs-ios/mobile-tracs-ios.entitlements";
				DEVELOPMENT_TEAM = KV5755TZAS;
				INFOPLIST_FILE = "mobile-tracs-ios/Info.plist";
				LD_RUNPATH_SEARCH_PATHS = "$(inherited) @executable_path/Frameworks";
				PRODUCT_BUNDLE_IDENTIFIER = "edu.txstate.mobile.mobile-tracs-ios";
				PRODUCT_NAME = "$(TARGET_NAME)";
				SWIFT_VERSION = 3.0;
			};
			name = Debug;
		};
		09B5280D1E7CBD6500BACF81 /* Release */ = {
			isa = XCBuildConfiguration;
			buildSettings = {
				ASSETCATALOG_COMPILER_APPICON_NAME = AppIcon;
				ASSETCATALOG_COMPILER_LAUNCHIMAGE_NAME = LaunchImage;
				CODE_SIGN_ENTITLEMENTS = "mobile-tracs-ios/mobile-tracs-ios.entitlements";
				DEVELOPMENT_TEAM = KV5755TZAS;
				INFOPLIST_FILE = "mobile-tracs-ios/Info.plist";
				LD_RUNPATH_SEARCH_PATHS = "$(inherited) @executable_path/Frameworks";
				PRODUCT_BUNDLE_IDENTIFIER = "edu.txstate.mobile.mobile-tracs-ios";
				PRODUCT_NAME = "$(TARGET_NAME)";
				SWIFT_VERSION = 3.0;
			};
			name = Release;
		};
/* End XCBuildConfiguration section */

/* Begin XCConfigurationList section */
		09B527F41E7CBD6500BACF81 /* Build configuration list for PBXProject "mobile-tracs-ios" */ = {
			isa = XCConfigurationList;
			buildConfigurations = (
				09B528091E7CBD6500BACF81 /* Debug */,
				09B5280A1E7CBD6500BACF81 /* Release */,
			);
			defaultConfigurationIsVisible = 0;
			defaultConfigurationName = Release;
		};
		09B5280B1E7CBD6500BACF81 /* Build configuration list for PBXNativeTarget "mobile-tracs-ios" */ = {
			isa = XCConfigurationList;
			buildConfigurations = (
				09B5280C1E7CBD6500BACF81 /* Debug */,
				09B5280D1E7CBD6500BACF81 /* Release */,
			);
			defaultConfigurationIsVisible = 0;
			defaultConfigurationName = Release;
		};
/* End XCConfigurationList section */
	};
	rootObject = 09B527F11E7CBD6500BACF81 /* Project object */;
}
